
Microsoft Visual Studio Solution File, Format Version 12.00
# Visual Studio 15
VisualStudioVersion = 15.0.27703.2047
MinimumVisualStudioVersion = 10.0.40219.1
Project("{FAE04EC0-301F-11D3-BF4B-00C04F79EFBC}") = "RandomApp", "RandomApp\RandomApp.csproj", "{C1D319B7-DAD4-468F-B205-D819744F546D}"
EndProject
Global
	GlobalSection(SolutionConfigurationPlatforms) = preSolution
		Debug|Any CPU = Debug|Any CPU
		Release|Any CPU = Release|Any CPU
	EndGlobalSection
	GlobalSection(ProjectConfigurationPlatforms) = postSolution
		{C1D319B7-DAD4-468F-B205-D819744F546D}.Debug|Any CPU.ActiveCfg = Debug|Any CPU
		{C1D319B7-DAD4-468F-B205-D819744F546D}.Debug|Any CPU.Build.0 = Debug|Any CPU
		{C1D319B7-DAD4-468F-B205-D819744F546D}.Release|Any CPU.ActiveCfg = Release|Any CPU
		{C1D319B7-DAD4-468F-B205-D819744F546D}.Release|Any CPU.Build.0 = Release|Any CPU
	EndGlobalSection
	GlobalSection(SolutionProperties) = preSolution
		HideSolutionNode = FALSE
	EndGlobalSection
	GlobalSection(ExtensibilityGlobals) = postSolution
		SolutionGuid = {327D294C-83B0-4007-9C42-9D9E0F862CB8}
	EndGlobalSection
EndGlobal
